
Microsoft Visual Studio Solution File, Format Version 12.00
# Visual Studio Version 16
VisualStudioVersion = 16.0.29209.62
MinimumVisualStudioVersion = 10.0.40219.1
Project("{FAE04EC0-301F-11D3-BF4B-00C04F79EFBC}") = "StrategyPattern", "StrategyPattern\StrategyPattern.csproj", "{CEDE4590-600B-4A20-B764-FD135D977CFE}"
EndProject
Project("{FAE04EC0-301F-11D3-BF4B-00C04F79EFBC}") = "Decorator", "Decorator\Decorator.csproj", "{1C6C571A-A81B-4D44-9BD7-37D1A9511FFC}"
EndProject
Global
	GlobalSection(SolutionConfigurationPlatforms) = preSolution
		Debug|Any CPU = Debug|Any CPU
		Release|Any CPU = Release|Any CPU
	EndGlobalSection
	GlobalSection(ProjectConfigurationPlatforms) = postSolution
		{CEDE4590-600B-4A20-B764-FD135D977CFE}.Debug|Any CPU.ActiveCfg = Debug|Any CPU
		{CEDE4590-600B-4A20-B764-FD135D977CFE}.Debug|Any CPU.Build.0 = Debug|Any CPU
		{CEDE4590-600B-4A20-B764-FD135D977CFE}.Release|Any CPU.ActiveCfg = Release|Any CPU
		{CEDE4590-600B-4A20-B764-FD135D977CFE}.Release|Any CPU.Build.0 = Release|Any CPU
		{1C6C571A-A81B-4D44-9BD7-37D1A9511FFC}.Debug|Any CPU.ActiveCfg = Debug|Any CPU
		{1C6C571A-A81B-4D44-9BD7-37D1A9511FFC}.Debug|Any CPU.Build.0 = Debug|Any CPU
		{1C6C571A-A81B-4D44-9BD7-37D1A9511FFC}.Release|Any CPU.ActiveCfg = Release|Any CPU
		{1C6C571A-A81B-4D44-9BD7-37D1A9511FFC}.Release|Any CPU.Build.0 = Release|Any CPU
	EndGlobalSection
	GlobalSection(SolutionProperties) = preSolution
		HideSolutionNode = FALSE
	EndGlobalSection
	GlobalSection(ExtensibilityGlobals) = postSolution
		SolutionGuid = {58C21080-10D7-4A3A-A551-65F180671B40}
	EndGlobalSection
EndGlobal
